// !$*UTF8*$!
{
	archiveVersion = 1;
	classes = {
	};
	objectVersion = 56;
	objects = {

/* Begin PBXBuildFile section */
		847F23FD2AD093A60007380F /* UltimateMetronomeApp.swift in Sources */ = {isa = PBXBuildFile; fileRef = 847F23FC2AD093A60007380F /* UltimateMetronomeApp.swift */; };
		847F23FF2AD093A60007380F /* ContentView.swift in Sources */ = {isa = PBXBuildFile; fileRef = 847F23FE2AD093A60007380F /* ContentView.swift */; };
		847F24012AD093A60007380F /* Item.swift in Sources */ = {isa = PBXBuildFile; fileRef = 847F24002AD093A60007380F /* Item.swift */; };
		847F24032AD093A70007380F /* Assets.xcassets in Resources */ = {isa = PBXBuildFile; fileRef = 847F24022AD093A70007380F /* Assets.xcassets */; };
		847F24062AD093A70007380F /* Preview Assets.xcassets in Resources */ = {isa = PBXBuildFile; fileRef = 847F24052AD093A70007380F /* Preview Assets.xcassets */; };
		847F24102AD093A70007380F /* Xcode_DemoTests.swift in Sources */ = {isa = PBXBuildFile; fileRef = 847F240F2AD093A70007380F /* Xcode_DemoTests.swift */; };
		847F241A2AD093A70007380F /* Xcode_DemoUITests.swift in Sources */ = {isa = PBXBuildFile; fileRef = 847F24192AD093A70007380F /* Xcode_DemoUITests.swift */; };
		847F241C2AD093A70007380F /* Xcode_DemoUITestsLaunchTests.swift in Sources */ = {isa = PBXBuildFile; fileRef = 847F241B2AD093A70007380F /* Xcode_DemoUITestsLaunchTests.swift */; };
		847F24312AD105C60007380F /* Metronome.mp3 in Resources */ = {isa = PBXBuildFile; fileRef = 847F24302AD105C60007380F /* Metronome.mp3 */; };
		847F24332AE23B440007380F /* ViewController.swift in Sources */ = {isa = PBXBuildFile; fileRef = 847F24322AE23B440007380F /* ViewController.swift */; };
		847F24352AE2D9410007380F /* GoogleService-Info.plist in Resources */ = {isa = PBXBuildFile; fileRef = 847F24342AE2D9410007380F /* GoogleService-Info.plist */; };
		847F24362AE2D9410007380F /* GoogleService-Info.plist in Resources */ = {isa = PBXBuildFile; fileRef = 847F24342AE2D9410007380F /* GoogleService-Info.plist */; };
		847F24372AE2D9410007380F /* GoogleService-Info.plist in Resources */ = {isa = PBXBuildFile; fileRef = 847F24342AE2D9410007380F /* GoogleService-Info.plist */; };
		847F243A2AE2DA6B0007380F /* FirebaseAnalytics in Frameworks */ = {isa = PBXBuildFile; productRef = 847F24392AE2DA6B0007380F /* FirebaseAnalytics */; };
		847F243C2AE2DA6B0007380F /* FirebaseAnalyticsOnDeviceConversion in Frameworks */ = {isa = PBXBuildFile; productRef = 847F243B2AE2DA6B0007380F /* FirebaseAnalyticsOnDeviceConversion */; };
		847F243E2AE2DA6B0007380F /* FirebaseAnalyticsSwift in Frameworks */ = {isa = PBXBuildFile; productRef = 847F243D2AE2DA6B0007380F /* FirebaseAnalyticsSwift */; };
		847F24402AE2DA6B0007380F /* FirebaseAnalyticsWithoutAdIdSupport in Frameworks */ = {isa = PBXBuildFile; productRef = 847F243F2AE2DA6B0007380F /* FirebaseAnalyticsWithoutAdIdSupport */; };
		847F24422AE2DA6B0007380F /* FirebaseAppCheck in Frameworks */ = {isa = PBXBuildFile; productRef = 847F24412AE2DA6B0007380F /* FirebaseAppCheck */; };
		847F24442AE2E86E0007380F /* DatabaseUIView.swift in Sources */ = {isa = PBXBuildFile; fileRef = 847F24432AE2E86E0007380F /* DatabaseUIView.swift */; };
		847F24452AE2E86E0007380F /* DatabaseUIView.swift in Sources */ = {isa = PBXBuildFile; fileRef = 847F24432AE2E86E0007380F /* DatabaseUIView.swift */; };
		847F24462AE2E86E0007380F /* DatabaseUIView.swift in Sources */ = {isa = PBXBuildFile; fileRef = 847F24432AE2E86E0007380F /* DatabaseUIView.swift */; };
		84F4E3D42AE36F8C000DBEA7 /* FIRFirestoreService.swift in Sources */ = {isa = PBXBuildFile; fileRef = 84F4E3D32AE36F8C000DBEA7 /* FIRFirestoreService.swift */; };
		84F4E3D52AE36F8C000DBEA7 /* FIRFirestoreService.swift in Sources */ = {isa = PBXBuildFile; fileRef = 84F4E3D32AE36F8C000DBEA7 /* FIRFirestoreService.swift */; };
		84F4E3D62AE36F8C000DBEA7 /* FIRFirestoreService.swift in Sources */ = {isa = PBXBuildFile; fileRef = 84F4E3D32AE36F8C000DBEA7 /* FIRFirestoreService.swift */; };
		84F4E3D92AE37286000DBEA7 /* FirebaseFirestore in Frameworks */ = {isa = PBXBuildFile; productRef = 84F4E3D82AE37286000DBEA7 /* FirebaseFirestore */; };
		84F4E3DB2AE372B7000DBEA7 /* FirebaseStorage in Frameworks */ = {isa = PBXBuildFile; productRef = 84F4E3DA2AE372B7000DBEA7 /* FirebaseStorage */; };
		84F4E3DD2AE372C1000DBEA7 /* FirebaseAuth in Frameworks */ = {isa = PBXBuildFile; productRef = 84F4E3DC2AE372C1000DBEA7 /* FirebaseAuth */; };
		84F4E3DF2AE372C8000DBEA7 /* FirebaseAnalyticsSwift in Frameworks */ = {isa = PBXBuildFile; productRef = 84F4E3DE2AE372C8000DBEA7 /* FirebaseAnalyticsSwift */; };
		84F4E3E12AE372CF000DBEA7 /* FirebaseFirestoreSwift in Frameworks */ = {isa = PBXBuildFile; productRef = 84F4E3E02AE372CF000DBEA7 /* FirebaseFirestoreSwift */; };
		84F4E3E32AE37335000DBEA7 /* FirebaseFirestore in Frameworks */ = {isa = PBXBuildFile; productRef = 84F4E3E22AE37335000DBEA7 /* FirebaseFirestore */; };
		84F4E3E52AF42045000DBEA7 /* CRUDView.swift in Sources */ = {isa = PBXBuildFile; fileRef = 84F4E3E42AF42045000DBEA7 /* CRUDView.swift */; };
		84F4E3E62AF42045000DBEA7 /* CRUDView.swift in Sources */ = {isa = PBXBuildFile; fileRef = 84F4E3E42AF42045000DBEA7 /* CRUDView.swift */; };
		84F4E3E72AF42045000DBEA7 /* CRUDView.swift in Sources */ = {isa = PBXBuildFile; fileRef = 84F4E3E42AF42045000DBEA7 /* CRUDView.swift */; };
		84F4E3E92AF42CAD000DBEA7 /* MetronomeView.swift in Sources */ = {isa = PBXBuildFile; fileRef = 84F4E3E82AF42CAD000DBEA7 /* MetronomeView.swift */; };
		84F4E3EA2AF42CAD000DBEA7 /* MetronomeView.swift in Sources */ = {isa = PBXBuildFile; fileRef = 84F4E3E82AF42CAD000DBEA7 /* MetronomeView.swift */; };
		84F4E3EB2AF42CAD000DBEA7 /* MetronomeView.swift in Sources */ = {isa = PBXBuildFile; fileRef = 84F4E3E82AF42CAD000DBEA7 /* MetronomeView.swift */; };
		84F4E3ED2AF57075000DBEA7 /* CreateView.swift in Sources */ = {isa = PBXBuildFile; fileRef = 84F4E3EC2AF57075000DBEA7 /* CreateView.swift */; };
		84F4E3EE2AF57075000DBEA7 /* CreateView.swift in Sources */ = {isa = PBXBuildFile; fileRef = 84F4E3EC2AF57075000DBEA7 /* CreateView.swift */; };
		84F4E3EF2AF57075000DBEA7 /* CreateView.swift in Sources */ = {isa = PBXBuildFile; fileRef = 84F4E3EC2AF57075000DBEA7 /* CreateView.swift */; };
		84F4E3F12AF57080000DBEA7 /* ReadView.swift in Sources */ = {isa = PBXBuildFile; fileRef = 84F4E3F02AF57080000DBEA7 /* ReadView.swift */; };
		84F4E3F22AF57080000DBEA7 /* ReadView.swift in Sources */ = {isa = PBXBuildFile; fileRef = 84F4E3F02AF57080000DBEA7 /* ReadView.swift */; };
		84F4E3F32AF57080000DBEA7 /* ReadView.swift in Sources */ = {isa = PBXBuildFile; fileRef = 84F4E3F02AF57080000DBEA7 /* ReadView.swift */; };
		84F4E3F52AF5708B000DBEA7 /* UpdateView.swift in Sources */ = {isa = PBXBuildFile; fileRef = 84F4E3F42AF5708B000DBEA7 /* UpdateView.swift */; };
		84F4E3F62AF5708B000DBEA7 /* UpdateView.swift in Sources */ = {isa = PBXBuildFile; fileRef = 84F4E3F42AF5708B000DBEA7 /* UpdateView.swift */; };
		84F4E3F72AF5708B000DBEA7 /* UpdateView.swift in Sources */ = {isa = PBXBuildFile; fileRef = 84F4E3F42AF5708B000DBEA7 /* UpdateView.swift */; };
		84F4E3F92AF57099000DBEA7 /* DeleteView.swift in Sources */ = {isa = PBXBuildFile; fileRef = 84F4E3F82AF57099000DBEA7 /* DeleteView.swift */; };
		84F4E3FA2AF57099000DBEA7 /* DeleteView.swift in Sources */ = {isa = PBXBuildFile; fileRef = 84F4E3F82AF57099000DBEA7 /* DeleteView.swift */; };
		84F4E3FB2AF57099000DBEA7 /* DeleteView.swift in Sources */ = {isa = PBXBuildFile; fileRef = 84F4E3F82AF57099000DBEA7 /* DeleteView.swift */; };
		84F4E3FD2AF5CD8F000DBEA7 /* ShowView.swift in Sources */ = {isa = PBXBuildFile; fileRef = 84F4E3FC2AF5CD8F000DBEA7 /* ShowView.swift */; };
		84F4E3FE2AF5CD8F000DBEA7 /* ShowView.swift in Sources */ = {isa = PBXBuildFile; fileRef = 84F4E3FC2AF5CD8F000DBEA7 /* ShowView.swift */; };
		84F4E3FF2AF5CD8F000DBEA7 /* ShowView.swift in Sources */ = {isa = PBXBuildFile; fileRef = 84F4E3FC2AF5CD8F000DBEA7 /* ShowView.swift */; };
/* End PBXBuildFile section */

/* Begin PBXContainerItemProxy section */
		847F240C2AD093A70007380F /* PBXContainerItemProxy */ = {
			isa = PBXContainerItemProxy;
			containerPortal = 847F23F12AD093A60007380F /* Project object */;
			proxyType = 1;
			remoteGlobalIDString = 847F23F82AD093A60007380F;
			remoteInfo = "Xcode Demo";
		};
		847F24162AD093A70007380F /* PBXContainerItemProxy */ = {
			isa = PBXContainerItemProxy;
			containerPortal = 847F23F12AD093A60007380F /* Project object */;
			proxyType = 1;
			remoteGlobalIDString = 847F23F82AD093A60007380F;
			remoteInfo = "Xcode Demo";
		};
/* End PBXContainerItemProxy section */

/* Begin PBXFileReference section */
		847F23F92AD093A60007380F /* Xcode Demo.app */ = {isa = PBXFileReference; explicitFileType = wrapper.application; includeInIndex = 0; path = "Xcode Demo.app"; sourceTree = BUILT_PRODUCTS_DIR; };
		847F23FC2AD093A60007380F /* UltimateMetronomeApp.swift */ = {isa = PBXFileReference; lastKnownFileType = sourcecode.swift; path = UltimateMetronomeApp.swift; sourceTree = "<group>"; };
		847F23FE2AD093A60007380F /* ContentView.swift */ = {isa = PBXFileReference; lastKnownFileType = sourcecode.swift; path = ContentView.swift; sourceTree = "<group>"; };
		847F24002AD093A60007380F /* Item.swift */ = {isa = PBXFileReference; lastKnownFileType = sourcecode.swift; path = Item.swift; sourceTree = "<group>"; };
		847F24022AD093A70007380F /* Assets.xcassets */ = {isa = PBXFileReference; lastKnownFileType = folder.assetcatalog; path = Assets.xcassets; sourceTree = "<group>"; };
		847F24052AD093A70007380F /* Preview Assets.xcassets */ = {isa = PBXFileReference; lastKnownFileType = folder.assetcatalog; path = "Preview Assets.xcassets"; sourceTree = "<group>"; };
		847F240B2AD093A70007380F /* Xcode DemoTests.xctest */ = {isa = PBXFileReference; explicitFileType = wrapper.cfbundle; includeInIndex = 0; path = "Xcode DemoTests.xctest"; sourceTree = BUILT_PRODUCTS_DIR; };
		847F240F2AD093A70007380F /* Xcode_DemoTests.swift */ = {isa = PBXFileReference; lastKnownFileType = sourcecode.swift; path = Xcode_DemoTests.swift; sourceTree = "<group>"; };
		847F24152AD093A70007380F /* Xcode DemoUITests.xctest */ = {isa = PBXFileReference; explicitFileType = wrapper.cfbundle; includeInIndex = 0; path = "Xcode DemoUITests.xctest"; sourceTree = BUILT_PRODUCTS_DIR; };
		847F24192AD093A70007380F /* Xcode_DemoUITests.swift */ = {isa = PBXFileReference; lastKnownFileType = sourcecode.swift; path = Xcode_DemoUITests.swift; sourceTree = "<group>"; };
		847F241B2AD093A70007380F /* Xcode_DemoUITestsLaunchTests.swift */ = {isa = PBXFileReference; lastKnownFileType = sourcecode.swift; path = Xcode_DemoUITestsLaunchTests.swift; sourceTree = "<group>"; };
		847F24302AD105C60007380F /* Metronome.mp3 */ = {isa = PBXFileReference; lastKnownFileType = audio.mp3; path = Metronome.mp3; sourceTree = "<group>"; };
		847F24322AE23B440007380F /* ViewController.swift */ = {isa = PBXFileReference; lastKnownFileType = sourcecode.swift; name = ViewController.swift; path = "Xcode Demo/ViewController.swift"; sourceTree = SOURCE_ROOT; };
		847F24342AE2D9410007380F /* GoogleService-Info.plist */ = {isa = PBXFileReference; fileEncoding = 4; lastKnownFileType = text.plist.xml; path = "GoogleService-Info.plist"; sourceTree = "<group>"; };
		847F24432AE2E86E0007380F /* DatabaseUIView.swift */ = {isa = PBXFileReference; lastKnownFileType = sourcecode.swift; path = DatabaseUIView.swift; sourceTree = "<group>"; };
		84F4E3D32AE36F8C000DBEA7 /* FIRFirestoreService.swift */ = {isa = PBXFileReference; lastKnownFileType = sourcecode.swift; path = FIRFirestoreService.swift; sourceTree = "<group>"; };
		84F4E3E42AF42045000DBEA7 /* CRUDView.swift */ = {isa = PBXFileReference; lastKnownFileType = sourcecode.swift; path = CRUDView.swift; sourceTree = "<group>"; };
		84F4E3E82AF42CAD000DBEA7 /* MetronomeView.swift */ = {isa = PBXFileReference; lastKnownFileType = sourcecode.swift; path = MetronomeView.swift; sourceTree = "<group>"; };
		84F4E3EC2AF57075000DBEA7 /* CreateView.swift */ = {isa = PBXFileReference; lastKnownFileType = sourcecode.swift; path = CreateView.swift; sourceTree = "<group>"; };
		84F4E3F02AF57080000DBEA7 /* ReadView.swift */ = {isa = PBXFileReference; lastKnownFileType = sourcecode.swift; path = ReadView.swift; sourceTree = "<group>"; };
		84F4E3F42AF5708B000DBEA7 /* UpdateView.swift */ = {isa = PBXFileReference; lastKnownFileType = sourcecode.swift; path = UpdateView.swift; sourceTree = "<group>"; };
		84F4E3F82AF57099000DBEA7 /* DeleteView.swift */ = {isa = PBXFileReference; lastKnownFileType = sourcecode.swift; path = DeleteView.swift; sourceTree = "<group>"; };
		84F4E3FC2AF5CD8F000DBEA7 /* ShowView.swift */ = {isa = PBXFileReference; lastKnownFileType = sourcecode.swift; path = ShowView.swift; sourceTree = "<group>"; };
/* End PBXFileReference section */

/* Begin PBXFrameworksBuildPhase section */
		847F23F62AD093A60007380F /* Frameworks */ = {
			isa = PBXFrameworksBuildPhase;
			buildActionMask = 2147483647;
			files = (
				847F243E2AE2DA6B0007380F /* FirebaseAnalyticsSwift in Frameworks */,
				847F243A2AE2DA6B0007380F /* FirebaseAnalytics in Frameworks */,
				847F243C2AE2DA6B0007380F /* FirebaseAnalyticsOnDeviceConversion in Frameworks */,
				847F24422AE2DA6B0007380F /* FirebaseAppCheck in Frameworks */,
				847F24402AE2DA6B0007380F /* FirebaseAnalyticsWithoutAdIdSupport in Frameworks */,
				84F4E3E32AE37335000DBEA7 /* FirebaseFirestore in Frameworks */,
			);
			runOnlyForDeploymentPostprocessing = 0;
		};
		847F24082AD093A70007380F /* Frameworks */ = {
			isa = PBXFrameworksBuildPhase;
			buildActionMask = 2147483647;
			files = (
				84F4E3E12AE372CF000DBEA7 /* FirebaseFirestoreSwift in Frameworks */,
				84F4E3DF2AE372C8000DBEA7 /* FirebaseAnalyticsSwift in Frameworks */,
				84F4E3D92AE37286000DBEA7 /* FirebaseFirestore in Frameworks */,
				84F4E3DD2AE372C1000DBEA7 /* FirebaseAuth in Frameworks */,
				84F4E3DB2AE372B7000DBEA7 /* FirebaseStorage in Frameworks */,
			);
			runOnlyForDeploymentPostprocessing = 0;
		};
		847F24122AD093A70007380F /* Frameworks */ = {
			isa = PBXFrameworksBuildPhase;
			buildActionMask = 2147483647;
			files = (
			);
			runOnlyForDeploymentPostprocessing = 0;
		};
/* End PBXFrameworksBuildPhase section */

/* Begin PBXGroup section */
		847F23F02AD093A60007380F = {
			isa = PBXGroup;
			children = (
				84F4E3D72AE37286000DBEA7 /* Frameworks */,
				847F23FA2AD093A60007380F /* Products */,
				847F23FB2AD093A60007380F /* Xcode Demo */,
				847F240E2AD093A70007380F /* Xcode DemoTests */,
				847F24182AD093A70007380F /* Xcode DemoUITests */,
			);
			sourceTree = "<group>";
		};
		847F23FA2AD093A60007380F /* Products */ = {
			isa = PBXGroup;
			children = (
				847F23F92AD093A60007380F /* Xcode Demo.app */,
				847F240B2AD093A70007380F /* Xcode DemoTests.xctest */,
				847F24152AD093A70007380F /* Xcode DemoUITests.xctest */,
			);
			name = Products;
			sourceTree = "<group>";
		};
		847F23FB2AD093A60007380F /* Xcode Demo */ = {
			isa = PBXGroup;
			children = (
				847F24022AD093A70007380F /* Assets.xcassets */,
				847F23FE2AD093A60007380F /* ContentView.swift */,
				84F4E3EC2AF57075000DBEA7 /* CreateView.swift */,
				847F24432AE2E86E0007380F /* DatabaseUIView.swift */,
				84F4E3F82AF57099000DBEA7 /* DeleteView.swift */,
				84F4E3D32AE36F8C000DBEA7 /* FIRFirestoreService.swift */,
				847F24002AD093A60007380F /* Item.swift */,
				84F4E3E82AF42CAD000DBEA7 /* MetronomeView.swift */,
				84F4E3F02AF57080000DBEA7 /* ReadView.swift */,
				84F4E3E42AF42045000DBEA7 /* CRUDView.swift */,
				847F23FC2AD093A60007380F /* UltimateMetronomeApp.swift */,
				84F4E3F42AF5708B000DBEA7 /* UpdateView.swift */,
				847F24322AE23B440007380F /* ViewController.swift */,
				847F24042AD093A70007380F /* Preview Content */,
				847F242F2AD105860007380F /* Sounds */,
				84F4E3FC2AF5CD8F000DBEA7 /* ShowView.swift */,
			);
			path = "Xcode Demo";
			sourceTree = "<group>";
		};
		847F24042AD093A70007380F /* Preview Content */ = {
			isa = PBXGroup;
			children = (
				847F24342AE2D9410007380F /* GoogleService-Info.plist */,
				847F24052AD093A70007380F /* Preview Assets.xcassets */,
			);
			path = "Preview Content";
			sourceTree = "<group>";
		};
		847F240E2AD093A70007380F /* Xcode DemoTests */ = {
			isa = PBXGroup;
			children = (
				847F240F2AD093A70007380F /* Xcode_DemoTests.swift */,
			);
			path = "Xcode DemoTests";
			sourceTree = "<group>";
		};
		847F24182AD093A70007380F /* Xcode DemoUITests */ = {
			isa = PBXGroup;
			children = (
				847F24192AD093A70007380F /* Xcode_DemoUITests.swift */,
				847F241B2AD093A70007380F /* Xcode_DemoUITestsLaunchTests.swift */,
			);
			path = "Xcode DemoUITests";
			sourceTree = "<group>";
		};
		847F242F2AD105860007380F /* Sounds */ = {
			isa = PBXGroup;
			children = (
				847F24302AD105C60007380F /* Metronome.mp3 */,
			);
			path = Sounds;
			sourceTree = "<group>";
		};
		84F4E3D72AE37286000DBEA7 /* Frameworks */ = {
			isa = PBXGroup;
			children = (
			);
			name = Frameworks;
			sourceTree = "<group>";
		};
/* End PBXGroup section */

/* Begin PBXNativeTarget section */
		847F23F82AD093A60007380F /* Xcode Demo */ = {
			isa = PBXNativeTarget;
			buildConfigurationList = 847F241F2AD093A70007380F /* Build configuration list for PBXNativeTarget "Xcode Demo" */;
			buildPhases = (
				847F23F52AD093A60007380F /* Sources */,
				847F23F62AD093A60007380F /* Frameworks */,
				847F23F72AD093A60007380F /* Resources */,
			);
			buildRules = (
			);
			dependencies = (
			);
			name = "Xcode Demo";
			packageProductDependencies = (
				847F24392AE2DA6B0007380F /* FirebaseAnalytics */,
				847F243B2AE2DA6B0007380F /* FirebaseAnalyticsOnDeviceConversion */,
				847F243D2AE2DA6B0007380F /* FirebaseAnalyticsSwift */,
				847F243F2AE2DA6B0007380F /* FirebaseAnalyticsWithoutAdIdSupport */,
				847F24412AE2DA6B0007380F /* FirebaseAppCheck */,
				84F4E3E22AE37335000DBEA7 /* FirebaseFirestore */,
			);
			productName = "Xcode Demo";
			productReference = 847F23F92AD093A60007380F /* Xcode Demo.app */;
			productType = "com.apple.product-type.application";
		};
		847F240A2AD093A70007380F /* Xcode DemoTests */ = {
			isa = PBXNativeTarget;
			buildConfigurationList = 847F24222AD093A70007380F /* Build configuration list for PBXNativeTarget "Xcode DemoTests" */;
			buildPhases = (
				847F24072AD093A70007380F /* Sources */,
				847F24082AD093A70007380F /* Frameworks */,
				847F24092AD093A70007380F /* Resources */,
			);
			buildRules = (
			);
			dependencies = (
				847F240D2AD093A70007380F /* PBXTargetDependency */,
			);
			name = "Xcode DemoTests";
			packageProductDependencies = (
				84F4E3D82AE37286000DBEA7 /* FirebaseFirestore */,
				84F4E3DA2AE372B7000DBEA7 /* FirebaseStorage */,
				84F4E3DC2AE372C1000DBEA7 /* FirebaseAuth */,
				84F4E3DE2AE372C8000DBEA7 /* FirebaseAnalyticsSwift */,
				84F4E3E02AE372CF000DBEA7 /* FirebaseFirestoreSwift */,
			);
			productName = "Xcode DemoTests";
			productReference = 847F240B2AD093A70007380F /* Xcode DemoTests.xctest */;
			productType = "com.apple.product-type.bundle.unit-test";
		};
		847F24142AD093A70007380F /* Xcode DemoUITests */ = {
			isa = PBXNativeTarget;
			buildConfigurationList = 847F24252AD093A70007380F /* Build configuration list for PBXNativeTarget "Xcode DemoUITests" */;
			buildPhases = (
				847F24112AD093A70007380F /* Sources */,
				847F24122AD093A70007380F /* Frameworks */,
				847F24132AD093A70007380F /* Resources */,
			);
			buildRules = (
			);
			dependencies = (
				847F24172AD093A70007380F /* PBXTargetDependency */,
			);
			name = "Xcode DemoUITests";
			productName = "Xcode DemoUITests";
			productReference = 847F24152AD093A70007380F /* Xcode DemoUITests.xctest */;
			productType = "com.apple.product-type.bundle.ui-testing";
		};
/* End PBXNativeTarget section */

/* Begin PBXProject section */
		847F23F12AD093A60007380F /* Project object */ = {
			isa = PBXProject;
			attributes = {
				BuildIndependentTargetsInParallel = 1;
				LastSwiftUpdateCheck = 1500;
				LastUpgradeCheck = 1500;
				TargetAttributes = {
					847F23F82AD093A60007380F = {
						CreatedOnToolsVersion = 15.0;
					};
					847F240A2AD093A70007380F = {
						CreatedOnToolsVersion = 15.0;
						TestTargetID = 847F23F82AD093A60007380F;
					};
					847F24142AD093A70007380F = {
						CreatedOnToolsVersion = 15.0;
						TestTargetID = 847F23F82AD093A60007380F;
					};
				};
			};
			buildConfigurationList = 847F23F42AD093A60007380F /* Build configuration list for PBXProject "UltimateMetronomeApp" */;
			compatibilityVersion = "Xcode 14.0";
			developmentRegion = en;
			hasScannedForEncodings = 0;
			knownRegions = (
				en,
				Base,
			);
			mainGroup = 847F23F02AD093A60007380F;
			packageReferences = (
				847F24382AE2DA6B0007380F /* XCRemoteSwiftPackageReference "firebase-ios-sdk" */,
			);
			productRefGroup = 847F23FA2AD093A60007380F /* Products */;
			projectDirPath = "";
			projectRoot = "";
			targets = (
				847F23F82AD093A60007380F /* Xcode Demo */,
				847F240A2AD093A70007380F /* Xcode DemoTests */,
				847F24142AD093A70007380F /* Xcode DemoUITests */,
			);
		};
/* End PBXProject section */

/* Begin PBXResourcesBuildPhase section */
		847F23F72AD093A60007380F /* Resources */ = {
			isa = PBXResourcesBuildPhase;
			buildActionMask = 2147483647;
			files = (
				847F24312AD105C60007380F /* Metronome.mp3 in Resources */,
				847F24352AE2D9410007380F /* GoogleService-Info.plist in Resources */,
				847F24062AD093A70007380F /* Preview Assets.xcassets in Resources */,
				847F24032AD093A70007380F /* Assets.xcassets in Resources */,
			);
			runOnlyForDeploymentPostprocessing = 0;
		};
		847F24092AD093A70007380F /* Resources */ = {
			isa = PBXResourcesBuildPhase;
			buildActionMask = 2147483647;
			files = (
				847F24362AE2D9410007380F /* GoogleService-Info.plist in Resources */,
			);
			runOnlyForDeploymentPostprocessing = 0;
		};
		847F24132AD093A70007380F /* Resources */ = {
			isa = PBXResourcesBuildPhase;
			buildActionMask = 2147483647;
			files = (
				847F24372AE2D9410007380F /* GoogleService-Info.plist in Resources */,
			);
			runOnlyForDeploymentPostprocessing = 0;
		};
/* End PBXResourcesBuildPhase section */

/* Begin PBXSourcesBuildPhase section */
		847F23F52AD093A60007380F /* Sources */ = {
			isa = PBXSourcesBuildPhase;
			buildActionMask = 2147483647;
			files = (
				847F24442AE2E86E0007380F /* DatabaseUIView.swift in Sources */,
				84F4E3ED2AF57075000DBEA7 /* CreateView.swift in Sources */,
				84F4E3F12AF57080000DBEA7 /* ReadView.swift in Sources */,
				84F4E3F52AF5708B000DBEA7 /* UpdateView.swift in Sources */,
				84F4E3D42AE36F8C000DBEA7 /* FIRFirestoreService.swift in Sources */,
				847F23FF2AD093A60007380F /* ContentView.swift in Sources */,
				84F4E3E52AF42045000DBEA7 /* CRUDView.swift in Sources */,
				847F24012AD093A60007380F /* Item.swift in Sources */,
				84F4E3FD2AF5CD8F000DBEA7 /* ShowView.swift in Sources */,
				847F24332AE23B440007380F /* ViewController.swift in Sources */,
				84F4E3F92AF57099000DBEA7 /* DeleteView.swift in Sources */,
				847F23FD2AD093A60007380F /* UltimateMetronomeApp.swift in Sources */,
				84F4E3E92AF42CAD000DBEA7 /* MetronomeView.swift in Sources */,
			);
			runOnlyForDeploymentPostprocessing = 0;
		};
		847F24072AD093A70007380F /* Sources */ = {
			isa = PBXSourcesBuildPhase;
			buildActionMask = 2147483647;
			files = (
				84F4E3FA2AF57099000DBEA7 /* DeleteView.swift in Sources */,
				847F24102AD093A70007380F /* Xcode_DemoTests.swift in Sources */,
				84F4E3F62AF5708B000DBEA7 /* UpdateView.swift in Sources */,
				84F4E3EA2AF42CAD000DBEA7 /* MetronomeView.swift in Sources */,
				84F4E3E62AF42045000DBEA7 /* CRUDView.swift in Sources */,
				84F4E3FE2AF5CD8F000DBEA7 /* ShowView.swift in Sources */,
				84F4E3F22AF57080000DBEA7 /* ReadView.swift in Sources */,
				84F4E3D52AE36F8C000DBEA7 /* FIRFirestoreService.swift in Sources */,
				84F4E3EE2AF57075000DBEA7 /* CreateView.swift in Sources */,
				847F24452AE2E86E0007380F /* DatabaseUIView.swift in Sources */,
			);
			runOnlyForDeploymentPostprocessing = 0;
		};
		847F24112AD093A70007380F /* Sources */ = {
			isa = PBXSourcesBuildPhase;
			buildActionMask = 2147483647;
			files = (
				84F4E3FF2AF5CD8F000DBEA7 /* ShowView.swift in Sources */,
				84F4E3F32AF57080000DBEA7 /* ReadView.swift in Sources */,
				84F4E3E72AF42045000DBEA7 /* CRUDView.swift in Sources */,
				847F24462AE2E86E0007380F /* DatabaseUIView.swift in Sources */,
				84F4E3D62AE36F8C000DBEA7 /* FIRFirestoreService.swift in Sources */,
				84F4E3EB2AF42CAD000DBEA7 /* MetronomeView.swift in Sources */,
				84F4E3EF2AF57075000DBEA7 /* CreateView.swift in Sources */,
				847F241A2AD093A70007380F /* Xcode_DemoUITests.swift in Sources */,
				84F4E3FB2AF57099000DBEA7 /* DeleteView.swift in Sources */,
				84F4E3F72AF5708B000DBEA7 /* UpdateView.swift in Sources */,
				847F241C2AD093A70007380F /* Xcode_DemoUITestsLaunchTests.swift in Sources */,
			);
			runOnlyForDeploymentPostprocessing = 0;
		};
/* End PBXSourcesBuildPhase section */

/* Begin PBXTargetDependency section */
		847F240D2AD093A70007380F /* PBXTargetDependency */ = {
			isa = PBXTargetDependency;
			target = 847F23F82AD093A60007380F /* Xcode Demo */;
			targetProxy = 847F240C2AD093A70007380F /* PBXContainerItemProxy */;
		};
		847F24172AD093A70007380F /* PBXTargetDependency */ = {
			isa = PBXTargetDependency;
			target = 847F23F82AD093A60007380F /* Xcode Demo */;
			targetProxy = 847F24162AD093A70007380F /* PBXContainerItemProxy */;
		};
/* End PBXTargetDependency section */

/* Begin XCBuildConfiguration section */
		847F241D2AD093A70007380F /* Debug */ = {
			isa = XCBuildConfiguration;
			buildSettings = {
				ALWAYS_SEARCH_USER_PATHS = NO;
				ASSETCATALOG_COMPILER_GENERATE_SWIFT_ASSET_SYMBOL_EXTENSIONS = YES;
				CLANG_ANALYZER_NONNULL = YES;
				CLANG_ANALYZER_NUMBER_OBJECT_CONVERSION = YES_AGGRESSIVE;
				CLANG_CXX_LANGUAGE_STANDARD = "gnu++20";
				CLANG_ENABLE_MODULES = YES;
				CLANG_ENABLE_OBJC_ARC = YES;
				CLANG_ENABLE_OBJC_WEAK = YES;
				CLANG_WARN_BLOCK_CAPTURE_AUTORELEASING = YES;
				CLANG_WARN_BOOL_CONVERSION = YES;
				CLANG_WARN_COMMA = YES;
				CLANG_WARN_CONSTANT_CONVERSION = YES;
				CLANG_WARN_DEPRECATED_OBJC_IMPLEMENTATIONS = YES;
				CLANG_WARN_DIRECT_OBJC_ISA_USAGE = YES_ERROR;
				CLANG_WARN_DOCUMENTATION_COMMENTS = YES;
				CLANG_WARN_EMPTY_BODY = YES;
				CLANG_WARN_ENUM_CONVERSION = YES;
				CLANG_WARN_INFINITE_RECURSION = YES;
				CLANG_WARN_INT_CONVERSION = YES;
				CLANG_WARN_NON_LITERAL_NULL_CONVERSION = YES;
				CLANG_WARN_OBJC_IMPLICIT_RETAIN_SELF = YES;
				CLANG_WARN_OBJC_LITERAL_CONVERSION = YES;
				CLANG_WARN_OBJC_ROOT_CLASS = YES_ERROR;
				CLANG_WARN_QUOTED_INCLUDE_IN_FRAMEWORK_HEADER = YES;
				CLANG_WARN_RANGE_LOOP_ANALYSIS = YES;
				CLANG_WARN_STRICT_PROTOTYPES = YES;
				CLANG_WARN_SUSPICIOUS_MOVE = YES;
				CLANG_WARN_UNGUARDED_AVAILABILITY = YES_AGGRESSIVE;
				CLANG_WARN_UNREACHABLE_CODE = YES;
				CLANG_WARN__DUPLICATE_METHOD_MATCH = YES;
				COPY_PHASE_STRIP = NO;
				DEBUG_INFORMATION_FORMAT = dwarf;
				ENABLE_STRICT_OBJC_MSGSEND = YES;
				ENABLE_TESTABILITY = YES;
				ENABLE_USER_SCRIPT_SANDBOXING = YES;
				GCC_C_LANGUAGE_STANDARD = gnu17;
				GCC_DYNAMIC_NO_PIC = NO;
				GCC_NO_COMMON_BLOCKS = YES;
				GCC_OPTIMIZATION_LEVEL = 0;
				GCC_PREPROCESSOR_DEFINITIONS = (
					"DEBUG=1",
					"$(inherited)",
				);
				GCC_WARN_64_TO_32_BIT_CONVERSION = YES;
				GCC_WARN_ABOUT_RETURN_TYPE = YES_ERROR;
				GCC_WARN_UNDECLARED_SELECTOR = YES;
				GCC_WARN_UNINITIALIZED_AUTOS = YES_AGGRESSIVE;
				GCC_WARN_UNUSED_FUNCTION = YES;
				GCC_WARN_UNUSED_VARIABLE = YES;
				IPHONEOS_DEPLOYMENT_TARGET = 17.0;
				LOCALIZATION_PREFERS_STRING_CATALOGS = YES;
				MTL_ENABLE_DEBUG_INFO = INCLUDE_SOURCE;
				MTL_FAST_MATH = YES;
				ONLY_ACTIVE_ARCH = YES;
				SDKROOT = iphoneos;
				SWIFT_ACTIVE_COMPILATION_CONDITIONS = "DEBUG $(inherited)";
				SWIFT_OPTIMIZATION_LEVEL = "-Onone";
			};
			name = Debug;
		};
		847F241E2AD093A70007380F /* Release */ = {
			isa = XCBuildConfiguration;
			buildSettings = {
				ALWAYS_SEARCH_USER_PATHS = NO;
				ASSETCATALOG_COMPILER_GENERATE_SWIFT_ASSET_SYMBOL_EXTENSIONS = YES;
				CLANG_ANALYZER_NONNULL = YES;
				CLANG_ANALYZER_NUMBER_OBJECT_CONVERSION = YES_AGGRESSIVE;
				CLANG_CXX_LANGUAGE_STANDARD = "gnu++20";
				CLANG_ENABLE_MODULES = YES;
				CLANG_ENABLE_OBJC_ARC = YES;
				CLANG_ENABLE_OBJC_WEAK = YES;
				CLANG_WARN_BLOCK_CAPTURE_AUTORELEASING = YES;
				CLANG_WARN_BOOL_CONVERSION = YES;
				CLANG_WARN_COMMA = YES;
				CLANG_WARN_CONSTANT_CONVERSION = YES;
				CLANG_WARN_DEPRECATED_OBJC_IMPLEMENTATIONS = YES;
				CLANG_WARN_DIRECT_OBJC_ISA_USAGE = YES_ERROR;
				CLANG_WARN_DOCUMENTATION_COMMENTS = YES;
				CLANG_WARN_EMPTY_BODY = YES;
				CLANG_WARN_ENUM_CONVERSION = YES;
				CLANG_WARN_INFINITE_RECURSION = YES;
				CLANG_WARN_INT_CONVERSION = YES;
				CLANG_WARN_NON_LITERAL_NULL_CONVERSION = YES;
				CLANG_WARN_OBJC_IMPLICIT_RETAIN_SELF = YES;
				CLANG_WARN_OBJC_LITERAL_CONVERSION = YES;
				CLANG_WARN_OBJC_ROOT_CLASS = YES_ERROR;
				CLANG_WARN_QUOTED_INCLUDE_IN_FRAMEWORK_HEADER = YES;
				CLANG_WARN_RANGE_LOOP_ANALYSIS = YES;
				CLANG_WARN_STRICT_PROTOTYPES = YES;
				CLANG_WARN_SUSPICIOUS_MOVE = YES;
				CLANG_WARN_UNGUARDED_AVAILABILITY = YES_AGGRESSIVE;
				CLANG_WARN_UNREACHABLE_CODE = YES;
				CLANG_WARN__DUPLICATE_METHOD_MATCH = YES;
				COPY_PHASE_STRIP = NO;
				DEBUG_INFORMATION_FORMAT = "dwarf-with-dsym";
				ENABLE_NS_ASSERTIONS = NO;
				ENABLE_STRICT_OBJC_MSGSEND = YES;
				ENABLE_USER_SCRIPT_SANDBOXING = YES;
				GCC_C_LANGUAGE_STANDARD = gnu17;
				GCC_NO_COMMON_BLOCKS = YES;
				GCC_WARN_64_TO_32_BIT_CONVERSION = YES;
				GCC_WARN_ABOUT_RETURN_TYPE = YES_ERROR;
				GCC_WARN_UNDECLARED_SELECTOR = YES;
				GCC_WARN_UNINITIALIZED_AUTOS = YES_AGGRESSIVE;
				GCC_WARN_UNUSED_FUNCTION = YES;
				GCC_WARN_UNUSED_VARIABLE = YES;
				IPHONEOS_DEPLOYMENT_TARGET = 17.0;
				LOCALIZATION_PREFERS_STRING_CATALOGS = YES;
				MTL_ENABLE_DEBUG_INFO = NO;
				MTL_FAST_MATH = YES;
				SDKROOT = iphoneos;
				SWIFT_COMPILATION_MODE = wholemodule;
				VALIDATE_PRODUCT = YES;
			};
			name = Release;
		};
		847F24202AD093A70007380F /* Debug */ = {
			isa = XCBuildConfiguration;
			buildSettings = {
				ASSETCATALOG_COMPILER_APPICON_NAME = AppIcon;
				ASSETCATALOG_COMPILER_GLOBAL_ACCENT_COLOR_NAME = AccentColor;
				CODE_SIGN_STYLE = Automatic;
				CURRENT_PROJECT_VERSION = 1;
				DEVELOPMENT_ASSET_PATHS = "\"Xcode Demo/Preview Content\"";
				DEVELOPMENT_TEAM = V5YAAQ45Q2;
				ENABLE_PREVIEWS = YES;
				GENERATE_INFOPLIST_FILE = YES;
				INFOPLIST_KEY_UIApplicationSceneManifest_Generation = YES;
				INFOPLIST_KEY_UIApplicationSupportsIndirectInputEvents = YES;
				INFOPLIST_KEY_UILaunchScreen_Generation = YES;
				INFOPLIST_KEY_UISupportedInterfaceOrientations_iPad = "UIInterfaceOrientationPortrait UIInterfaceOrientationPortraitUpsideDown UIInterfaceOrientationLandscapeLeft UIInterfaceOrientationLandscapeRight";
				INFOPLIST_KEY_UISupportedInterfaceOrientations_iPhone = "UIInterfaceOrientationPortrait UIInterfaceOrientationLandscapeLeft UIInterfaceOrientationLandscapeRight";
				LD_RUNPATH_SEARCH_PATHS = (
					"$(inherited)",
					"@executable_path/Frameworks",
				);
				MARKETING_VERSION = 1.0;
				PRODUCT_BUNDLE_IDENTIFIER = com.onthetopshelf.UltimateMetronomeApp;
				PRODUCT_NAME = "$(TARGET_NAME)";
				SWIFT_EMIT_LOC_STRINGS = YES;
				SWIFT_VERSION = 5.0;
				TARGETED_DEVICE_FAMILY = "1,2";
			};
			name = Debug;
		};
		847F24212AD093A70007380F /* Release */ = {
			isa = XCBuildConfiguration;
			buildSettings = {
				ASSETCATALOG_COMPILER_APPICON_NAME = AppIcon;
				ASSETCATALOG_COMPILER_GLOBAL_ACCENT_COLOR_NAME = AccentColor;
				CODE_SIGN_STYLE = Automatic;
				CURRENT_PROJECT_VERSION = 1;
				DEVELOPMENT_ASSET_PATHS = "\"Xcode Demo/Preview Content\"";
				DEVELOPMENT_TEAM = V5YAAQ45Q2;
				ENABLE_PREVIEWS = YES;
				GENERATE_INFOPLIST_FILE = YES;
				INFOPLIST_KEY_UIApplicationSceneManifest_Generation = YES;
				INFOPLIST_KEY_UIApplicationSupportsIndirectInputEvents = YES;
				INFOPLIST_KEY_UILaunchScreen_Generation = YES;
				INFOPLIST_KEY_UISupportedInterfaceOrientations_iPad = "UIInterfaceOrientationPortrait UIInterfaceOrientationPortraitUpsideDown UIInterfaceOrientationLandscapeLeft UIInterfaceOrientationLandscapeRight";
				INFOPLIST_KEY_UISupportedInterfaceOrientations_iPhone = "UIInterfaceOrientationPortrait UIInterfaceOrientationLandscapeLeft UIInterfaceOrientationLandscapeRight";
				LD_RUNPATH_SEARCH_PATHS = (
					"$(inherited)",
					"@executable_path/Frameworks",
				);
				MARKETING_VERSION = 1.0;
				PRODUCT_BUNDLE_IDENTIFIER = com.onthetopshelf.UltimateMetronomeApp;
				PRODUCT_NAME = "$(TARGET_NAME)";
				SWIFT_EMIT_LOC_STRINGS = YES;
				SWIFT_VERSION = 5.0;
				TARGETED_DEVICE_FAMILY = "1,2";
			};
			name = Release;
		};
		847F24232AD093A70007380F /* Debug */ = {
			isa = XCBuildConfiguration;
			buildSettings = {
				ALWAYS_EMBED_SWIFT_STANDARD_LIBRARIES = YES;
				BUNDLE_LOADER = "$(TEST_HOST)";
				CODE_SIGN_STYLE = Automatic;
				CURRENT_PROJECT_VERSION = 1;
				DEVELOPMENT_TEAM = V5YAAQ45Q2;
				GENERATE_INFOPLIST_FILE = YES;
				IPHONEOS_DEPLOYMENT_TARGET = 17.0;
				MARKETING_VERSION = 1.0;
				PRODUCT_BUNDLE_IDENTIFIER = "com.onthetopshelf.Xcode-DemoTests";
				PRODUCT_NAME = "$(TARGET_NAME)";
				SWIFT_EMIT_LOC_STRINGS = NO;
				SWIFT_VERSION = 5.0;
				TARGETED_DEVICE_FAMILY = "1,2";
				TEST_HOST = "$(BUILT_PRODUCTS_DIR)/Xcode Demo.app/$(BUNDLE_EXECUTABLE_FOLDER_PATH)/Xcode Demo";
			};
			name = Debug;
		};
		847F24242AD093A70007380F /* Release */ = {
			isa = XCBuildConfiguration;
			buildSettings = {
				ALWAYS_EMBED_SWIFT_STANDARD_LIBRARIES = YES;
				BUNDLE_LOADER = "$(TEST_HOST)";
				CODE_SIGN_STYLE = Automatic;
				CURRENT_PROJECT_VERSION = 1;
				DEVELOPMENT_TEAM = V5YAAQ45Q2;
				GENERATE_INFOPLIST_FILE = YES;
				IPHONEOS_DEPLOYMENT_TARGET = 17.0;
				MARKETING_VERSION = 1.0;
				PRODUCT_BUNDLE_IDENTIFIER = "com.onthetopshelf.Xcode-DemoTests";
				PRODUCT_NAME = "$(TARGET_NAME)";
				SWIFT_EMIT_LOC_STRINGS = NO;
				SWIFT_VERSION = 5.0;
				TARGETED_DEVICE_FAMILY = "1,2";
				TEST_HOST = "$(BUILT_PRODUCTS_DIR)/Xcode Demo.app/$(BUNDLE_EXECUTABLE_FOLDER_PATH)/Xcode Demo";
			};
			name = Release;
		};
		847F24262AD093A70007380F /* Debug */ = {
			isa = XCBuildConfiguration;
			buildSettings = {
				ALWAYS_EMBED_SWIFT_STANDARD_LIBRARIES = YES;
				CODE_SIGN_STYLE = Automatic;
				CURRENT_PROJECT_VERSION = 1;
				DEVELOPMENT_TEAM = V5YAAQ45Q2;
				GENERATE_INFOPLIST_FILE = YES;
				MARKETING_VERSION = 1.0;
				PRODUCT_BUNDLE_IDENTIFIER = "com.onthetopshelf.Xcode-DemoUITests";
				PRODUCT_NAME = "$(TARGET_NAME)";
				SWIFT_EMIT_LOC_STRINGS = NO;
				SWIFT_VERSION = 5.0;
				TARGETED_DEVICE_FAMILY = "1,2";
				TEST_TARGET_NAME = "Xcode Demo";
			};
			name = Debug;
		};
		847F24272AD093A70007380F /* Release */ = {
			isa = XCBuildConfiguration;
			buildSettings = {
				ALWAYS_EMBED_SWIFT_STANDARD_LIBRARIES = YES;
				CODE_SIGN_STYLE = Automatic;
				CURRENT_PROJECT_VERSION = 1;
				DEVELOPMENT_TEAM = V5YAAQ45Q2;
				GENERATE_INFOPLIST_FILE = YES;
				MARKETING_VERSION = 1.0;
				PRODUCT_BUNDLE_IDENTIFIER = "com.onthetopshelf.Xcode-DemoUITests";
				PRODUCT_NAME = "$(TARGET_NAME)";
				SWIFT_EMIT_LOC_STRINGS = NO;
				SWIFT_VERSION = 5.0;
				TARGETED_DEVICE_FAMILY = "1,2";
				TEST_TARGET_NAME = "Xcode Demo";
			};
			name = Release;
		};
/* End XCBuildConfiguration section */

/* Begin XCConfigurationList section */
		847F23F42AD093A60007380F /* Build configuration list for PBXProject "UltimateMetronomeApp" */ = {
			isa = XCConfigurationList;
			buildConfigurations = (
				847F241D2AD093A70007380F /* Debug */,
				847F241E2AD093A70007380F /* Release */,
			);
			defaultConfigurationIsVisible = 0;
			defaultConfigurationName = Release;
		};
		847F241F2AD093A70007380F /* Build configuration list for PBXNativeTarget "Xcode Demo" */ = {
			isa = XCConfigurationList;
			buildConfigurations = (
				847F24202AD093A70007380F /* Debug */,
				847F24212AD093A70007380F /* Release */,
			);
			defaultConfigurationIsVisible = 0;
			defaultConfigurationName = Release;
		};
		847F24222AD093A70007380F /* Build configuration list for PBXNativeTarget "Xcode DemoTests" */ = {
			isa = XCConfigurationList;
			buildConfigurations = (
				847F24232AD093A70007380F /* Debug */,
				847F24242AD093A70007380F /* Release */,
			);
			defaultConfigurationIsVisible = 0;
			defaultConfigurationName = Release;
		};
		847F24252AD093A70007380F /* Build configuration list for PBXNativeTarget "Xcode DemoUITests" */ = {
			isa = XCConfigurationList;
			buildConfigurations = (
				847F24262AD093A70007380F /* Debug */,
				847F24272AD093A70007380F /* Release */,
			);
			defaultConfigurationIsVisible = 0;
			defaultConfigurationName = Release;
		};
/* End XCConfigurationList section */

/* Begin XCRemoteSwiftPackageReference section */
		847F24382AE2DA6B0007380F /* XCRemoteSwiftPackageReference "firebase-ios-sdk" */ = {
			isa = XCRemoteSwiftPackageReference;
			repositoryURL = "https://github.com/firebase/firebase-ios-sdk";
			requirement = {
				kind = upToNextMajorVersion;
				minimumVersion = 10.16.0;
			};
		};
/* End XCRemoteSwiftPackageReference section */

/* Begin XCSwiftPackageProductDependency section */
		847F24392AE2DA6B0007380F /* FirebaseAnalytics */ = {
			isa = XCSwiftPackageProductDependency;
			package = 847F24382AE2DA6B0007380F /* XCRemoteSwiftPackageReference "firebase-ios-sdk" */;
			productName = FirebaseAnalytics;
		};
		847F243B2AE2DA6B0007380F /* FirebaseAnalyticsOnDeviceConversion */ = {
			isa = XCSwiftPackageProductDependency;
			package = 847F24382AE2DA6B0007380F /* XCRemoteSwiftPackageReference "firebase-ios-sdk" */;
			productName = FirebaseAnalyticsOnDeviceConversion;
		};
		847F243D2AE2DA6B0007380F /* FirebaseAnalyticsSwift */ = {
			isa = XCSwiftPackageProductDependency;
			package = 847F24382AE2DA6B0007380F /* XCRemoteSwiftPackageReference "firebase-ios-sdk" */;
			productName = FirebaseAnalyticsSwift;
		};
		847F243F2AE2DA6B0007380F /* FirebaseAnalyticsWithoutAdIdSupport */ = {
			isa = XCSwiftPackageProductDependency;
			package = 847F24382AE2DA6B0007380F /* XCRemoteSwiftPackageReference "firebase-ios-sdk" */;
			productName = FirebaseAnalyticsWithoutAdIdSupport;
		};
		847F24412AE2DA6B0007380F /* FirebaseAppCheck */ = {
			isa = XCSwiftPackageProductDependency;
			package = 847F24382AE2DA6B0007380F /* XCRemoteSwiftPackageReference "firebase-ios-sdk" */;
			productName = FirebaseAppCheck;
		};
		84F4E3D82AE37286000DBEA7 /* FirebaseFirestore */ = {
			isa = XCSwiftPackageProductDependency;
			package = 847F24382AE2DA6B0007380F /* XCRemoteSwiftPackageReference "firebase-ios-sdk" */;
			productName = FirebaseFirestore;
		};
		84F4E3DA2AE372B7000DBEA7 /* FirebaseStorage */ = {
			isa = XCSwiftPackageProductDependency;
			package = 847F24382AE2DA6B0007380F /* XCRemoteSwiftPackageReference "firebase-ios-sdk" */;
			productName = FirebaseStorage;
		};
		84F4E3DC2AE372C1000DBEA7 /* FirebaseAuth */ = {
			isa = XCSwiftPackageProductDependency;
			package = 847F24382AE2DA6B0007380F /* XCRemoteSwiftPackageReference "firebase-ios-sdk" */;
			productName = FirebaseAuth;
		};
		84F4E3DE2AE372C8000DBEA7 /* FirebaseAnalyticsSwift */ = {
			isa = XCSwiftPackageProductDependency;
			package = 847F24382AE2DA6B0007380F /* XCRemoteSwiftPackageReference "firebase-ios-sdk" */;
			productName = FirebaseAnalyticsSwift;
		};
		84F4E3E02AE372CF000DBEA7 /* FirebaseFirestoreSwift */ = {
			isa = XCSwiftPackageProductDependency;
			package = 847F24382AE2DA6B0007380F /* XCRemoteSwiftPackageReference "firebase-ios-sdk" */;
			productName = FirebaseFirestoreSwift;
		};
		84F4E3E22AE37335000DBEA7 /* FirebaseFirestore */ = {
			isa = XCSwiftPackageProductDependency;
			package = 847F24382AE2DA6B0007380F /* XCRemoteSwiftPackageReference "firebase-ios-sdk" */;
			productName = FirebaseFirestore;
		};
/* End XCSwiftPackageProductDependency section */
	};
	rootObject = 847F23F12AD093A60007380F /* Project object */;
}
